// !$*UTF8*$!
{
	archiveVersion = 1;
	classes = {
	};
	objectVersion = 46;
	objects = {

/* Begin PBXBuildFile section */
		20AE0FAA1E56B03900392F3C /* main.m in Sources */ = {isa = PBXBuildFile; fileRef = 20AE0FA91E56B03900392F3C /* main.m */; };
		20AE0FB21E56B07A00392F3C /* NSObject+KVO.m in Sources */ = {isa = PBXBuildFile; fileRef = 20AE0FAF1E56B07A00392F3C /* NSObject+KVO.m */; };
		20AE0FB61E56B37C00392F3C /* Test6.m in Sources */ = {isa = PBXBuildFile; fileRef = 20AE0FB51E56B37C00392F3C /* Test6.m */; };
		20DDCCE91E5359A2002F0DF0 /* main.m in Sources */ = {isa = PBXBuildFile; fileRef = 20DDCCE81E5359A2002F0DF0 /* main.m */; };
		20DDCCF61E535A2A002F0DF0 /* main.m in Sources */ = {isa = PBXBuildFile; fileRef = 20DDCCF51E535A2A002F0DF0 /* main.m */; };
		20EC14021E54521D008E426A /* main.m in Sources */ = {isa = PBXBuildFile; fileRef = 20EC14011E54521D008E426A /* main.m */; };
		20EC14081E5452CB008E426A /* User.m in Sources */ = {isa = PBXBuildFile; fileRef = 20EC14071E5452CB008E426A /* User.m */; };
		20EC14101E54765E008E426A /* main.m in Sources */ = {isa = PBXBuildFile; fileRef = 20EC140F1E54765E008E426A /* main.m */; };
		20EC14161E547B5C008E426A /* test3.m in Sources */ = {isa = PBXBuildFile; fileRef = 20EC14151E547B5C008E426A /* test3.m */; };
		20EC141E1E55AEF2008E426A /* main.m in Sources */ = {isa = PBXBuildFile; fileRef = 20EC141D1E55AEF2008E426A /* main.m */; };
		20EC14291E55F0C3008E426A /* main.m in Sources */ = {isa = PBXBuildFile; fileRef = 20EC14281E55F0C3008E426A /* main.m */; };
		20EC142F1E55F10D008E426A /* User5.m in Sources */ = {isa = PBXBuildFile; fileRef = 20EC142E1E55F10D008E426A /* User5.m */; };
		20EC14321E55F185008E426A /* Test5.m in Sources */ = {isa = PBXBuildFile; fileRef = 20EC14311E55F185008E426A /* Test5.m */; };
		20EC14351E55F225008E426A /* NSObject+Extension.m in Sources */ = {isa = PBXBuildFile; fileRef = 20EC14341E55F225008E426A /* NSObject+Extension.m */; };
/* End PBXBuildFile section */

/* Begin PBXCopyFilesBuildPhase section */
		20AE0FA51E56B03900392F3C /* CopyFiles */ = {
			isa = PBXCopyFilesBuildPhase;
			buildActionMask = 2147483647;
			dstPath = /usr/share/man/man1/;
			dstSubfolderSpec = 0;
			files = (
			);
			runOnlyForDeploymentPostprocessing = 1;
		};
		20DDCCE31E5359A1002F0DF0 /* CopyFiles */ = {
			isa = PBXCopyFilesBuildPhase;
			buildActionMask = 2147483647;
			dstPath = /usr/share/man/man1/;
			dstSubfolderSpec = 0;
			files = (
			);
			runOnlyForDeploymentPostprocessing = 1;
		};
		20DDCCF11E535A2A002F0DF0 /* CopyFiles */ = {
			isa = PBXCopyFilesBuildPhase;
			buildActionMask = 2147483647;
			dstPath = /usr/share/man/man1/;
			dstSubfolderSpec = 0;
			files = (
			);
			runOnlyForDeploymentPostprocessing = 1;
		};
		20EC13FD1E54521D008E426A /* CopyFiles */ = {
			isa = PBXCopyFilesBuildPhase;
			buildActionMask = 2147483647;
			dstPath = /usr/share/man/man1/;
			dstSubfolderSpec = 0;
			files = (
			);
			runOnlyForDeploymentPostprocessing = 1;
		};
		20EC140B1E54765E008E426A /* CopyFiles */ = {
			isa = PBXCopyFilesBuildPhase;
			buildActionMask = 2147483647;
			dstPath = /usr/share/man/man1/;
			dstSubfolderSpec = 0;
			files = (
			);
			runOnlyForDeploymentPostprocessing = 1;
		};
		20EC14191E55AEF2008E426A /* CopyFiles */ = {
			isa = PBXCopyFilesBuildPhase;
			buildActionMask = 2147483647;
			dstPath = /usr/share/man/man1/;
			dstSubfolderSpec = 0;
			files = (
			);
			runOnlyForDeploymentPostprocessing = 1;
		};
		20EC14241E55F0C3008E426A /* CopyFiles */ = {
			isa = PBXCopyFilesBuildPhase;
			buildActionMask = 2147483647;
			dstPath = /usr/share/man/man1/;
			dstSubfolderSpec = 0;
			files = (
			);
			runOnlyForDeploymentPostprocessing = 1;
		};
/* End PBXCopyFilesBuildPhase section */

/* Begin PBXFileReference section */
		20AE0FA71E56B03900392F3C /* 6.custom_kvo */ = {isa = PBXFileReference; explicitFileType = "compiled.mach-o.executable"; includeInIndex = 0; path = 6.custom_kvo; sourceTree = BUILT_PRODUCTS_DIR; };
		20AE0FA91E56B03900392F3C /* main.m */ = {isa = PBXFileReference; lastKnownFileType = sourcecode.c.objc; path = main.m; sourceTree = "<group>"; };
		20AE0FAE1E56B07A00392F3C /* NSObject+KVO.h */ = {isa = PBXFileReference; fileEncoding = 4; lastKnownFileType = sourcecode.c.h; path = "NSObject+KVO.h"; sourceTree = "<group>"; };
		20AE0FAF1E56B07A00392F3C /* NSObject+KVO.m */ = {isa = PBXFileReference; fileEncoding = 4; lastKnownFileType = sourcecode.c.objc; path = "NSObject+KVO.m"; sourceTree = "<group>"; };
		20AE0FB41E56B37C00392F3C /* Test6.h */ = {isa = PBXFileReference; fileEncoding = 4; lastKnownFileType = sourcecode.c.h; path = Test6.h; sourceTree = "<group>"; };
		20AE0FB51E56B37C00392F3C /* Test6.m */ = {isa = PBXFileReference; fileEncoding = 4; lastKnownFileType = sourcecode.c.objc; path = Test6.m; sourceTree = "<group>"; };
		20DDCCE51E5359A1002F0DF0 /* TANNY_OC_TEST */ = {isa = PBXFileReference; explicitFileType = "compiled.mach-o.executable"; includeInIndex = 0; path = TANNY_OC_TEST; sourceTree = BUILT_PRODUCTS_DIR; };
		20DDCCE81E5359A2002F0DF0 /* main.m */ = {isa = PBXFileReference; lastKnownFileType = sourcecode.c.objc; path = main.m; sourceTree = "<group>"; };
		20DDCCF31E535A2A002F0DF0 /* 1.deep or shadow copy */ = {isa = PBXFileReference; explicitFileType = "compiled.mach-o.executable"; includeInIndex = 0; path = "1.deep or shadow copy"; sourceTree = BUILT_PRODUCTS_DIR; };
		20DDCCF51E535A2A002F0DF0 /* main.m */ = {isa = PBXFileReference; lastKnownFileType = sourcecode.c.objc; path = main.m; sourceTree = "<group>"; };
		20EC13FF1E54521D008E426A /* 2.copy相关 */ = {isa = PBXFileReference; explicitFileType = "compiled.mach-o.executable"; includeInIndex = 0; path = "2.copy相关"; sourceTree = BUILT_PRODUCTS_DIR; };
		20EC14011E54521D008E426A /* main.m */ = {isa = PBXFileReference; lastKnownFileType = sourcecode.c.objc; path = main.m; sourceTree = "<group>"; };
		20EC14061E5452CB008E426A /* User.h */ = {isa = PBXFileReference; fileEncoding = 4; lastKnownFileType = sourcecode.c.h; name = User.h; path = ../TANNY_OC_TEST/User.h; sourceTree = "<group>"; };
		20EC14071E5452CB008E426A /* User.m */ = {isa = PBXFileReference; fileEncoding = 4; lastKnownFileType = sourcecode.c.objc; name = User.m; path = ../TANNY_OC_TEST/User.m; sourceTree = "<group>"; };
		20EC140D1E54765E008E426A /* 3.weak主动置nil */ = {isa = PBXFileReference; explicitFileType = "compiled.mach-o.executable"; includeInIndex = 0; path = "3.weak主动置nil"; sourceTree = BUILT_PRODUCTS_DIR; };
		20EC140F1E54765E008E426A /* main.m */ = {isa = PBXFileReference; lastKnownFileType = sourcecode.c.objc; path = main.m; sourceTree = "<group>"; };
		20EC14141E547B5C008E426A /* test3.h */ = {isa = PBXFileReference; fileEncoding = 4; lastKnownFileType = sourcecode.c.h; path = test3.h; sourceTree = "<group>"; };
		20EC14151E547B5C008E426A /* test3.m */ = {isa = PBXFileReference; fileEncoding = 4; lastKnownFileType = sourcecode.c.objc; path = test3.m; sourceTree = "<group>"; };
		20EC141B1E55AEF2008E426A /* 4.block修改堆中的内容 */ = {isa = PBXFileReference; explicitFileType = "compiled.mach-o.executable"; includeInIndex = 0; path = "4.block修改堆中的内容"; sourceTree = BUILT_PRODUCTS_DIR; };
		20EC141D1E55AEF2008E426A /* main.m */ = {isa = PBXFileReference; lastKnownFileType = sourcecode.c.objc; path = main.m; sourceTree = "<group>"; };
		20EC14261E55F0C3008E426A /* 5.runtime swizzle_method */ = {isa = PBXFileReference; explicitFileType = "compiled.mach-o.executable"; includeInIndex = 0; path = "5.runtime swizzle_method"; sourceTree = BUILT_PRODUCTS_DIR; };
		20EC14281E55F0C3008E426A /* main.m */ = {isa = PBXFileReference; lastKnownFileType = sourcecode.c.objc; path = main.m; sourceTree = "<group>"; };
		20EC142D1E55F10D008E426A /* User5.h */ = {isa = PBXFileReference; fileEncoding = 4; lastKnownFileType = sourcecode.c.h; path = User5.h; sourceTree = "<group>"; };
		20EC142E1E55F10D008E426A /* User5.m */ = {isa = PBXFileReference; fileEncoding = 4; lastKnownFileType = sourcecode.c.objc; path = User5.m; sourceTree = "<group>"; };
		20EC14301E55F185008E426A /* Test5.h */ = {isa = PBXFileReference; fileEncoding = 4; lastKnownFileType = sourcecode.c.h; path = Test5.h; sourceTree = "<group>"; };
		20EC14311E55F185008E426A /* Test5.m */ = {isa = PBXFileReference; fileEncoding = 4; lastKnownFileType = sourcecode.c.objc; path = Test5.m; sourceTree = "<group>"; };
		20EC14341E55F225008E426A /* NSObject+Extension.m */ = {isa = PBXFileReference; fileEncoding = 4; lastKnownFileType = sourcecode.c.objc; path = "NSObject+Extension.m"; sourceTree = "<group>"; };
/* End PBXFileReference section */

/* Begin PBXFrameworksBuildPhase section */
		20AE0FA41E56B03900392F3C /* Frameworks */ = {
			isa = PBXFrameworksBuildPhase;
			buildActionMask = 2147483647;
			files = (
			);
			runOnlyForDeploymentPostprocessing = 0;
		};
		20DDCCE21E5359A1002F0DF0 /* Frameworks */ = {
			isa = PBXFrameworksBuildPhase;
			buildActionMask = 2147483647;
			files = (
			);
			runOnlyForDeploymentPostprocessing = 0;
		};
		20DDCCF01E535A2A002F0DF0 /* Frameworks */ = {
			isa = PBXFrameworksBuildPhase;
			buildActionMask = 2147483647;
			files = (
			);
			runOnlyForDeploymentPostprocessing = 0;
		};
		20EC13FC1E54521D008E426A /* Frameworks */ = {
			isa = PBXFrameworksBuildPhase;
			buildActionMask = 2147483647;
			files = (
			);
			runOnlyForDeploymentPostprocessing = 0;
		};
		20EC140A1E54765E008E426A /* Frameworks */ = {
			isa = PBXFrameworksBuildPhase;
			buildActionMask = 2147483647;
			files = (
			);
			runOnlyForDeploymentPostprocessing = 0;
		};
		20EC14181E55AEF2008E426A /* Frameworks */ = {
			isa = PBXFrameworksBuildPhase;
			buildActionMask = 2147483647;
			files = (
			);
			runOnlyForDeploymentPostprocessing = 0;
		};
		20EC14231E55F0C3008E426A /* Frameworks */ = {
			isa = PBXFrameworksBuildPhase;
			buildActionMask = 2147483647;
			files = (
			);
			runOnlyForDeploymentPostprocessing = 0;
		};
/* End PBXFrameworksBuildPhase section */

/* Begin PBXGroup section */
		20AE0FA81E56B03900392F3C /* 6.custom_kvo */ = {
			isa = PBXGroup;
			children = (
				20AE0FA91E56B03900392F3C /* main.m */,
				20AE0FAE1E56B07A00392F3C /* NSObject+KVO.h */,
				20AE0FAF1E56B07A00392F3C /* NSObject+KVO.m */,
				20AE0FB41E56B37C00392F3C /* Test6.h */,
				20AE0FB51E56B37C00392F3C /* Test6.m */,
			);
			path = 6.custom_kvo;
			sourceTree = "<group>";
		};
		20DDCCDC1E5359A1002F0DF0 = {
			isa = PBXGroup;
			children = (
				20DDCCE71E5359A1002F0DF0 /* TANNY_OC_TEST */,
				20DDCCF41E535A2A002F0DF0 /* 1.deep or shadow copy */,
				20EC14001E54521D008E426A /* 2.copy相关 */,
				20EC140E1E54765E008E426A /* 3.weak主动置nil */,
				20EC141C1E55AEF2008E426A /* 4.block修改堆中的内容 */,
				20EC14271E55F0C3008E426A /* 5.runtime swizzle_method */,
				20AE0FA81E56B03900392F3C /* 6.custom_kvo */,
				20DDCCE61E5359A1002F0DF0 /* Products */,
			);
			sourceTree = "<group>";
		};
		20DDCCE61E5359A1002F0DF0 /* Products */ = {
			isa = PBXGroup;
			children = (
				20DDCCE51E5359A1002F0DF0 /* TANNY_OC_TEST */,
				20DDCCF31E535A2A002F0DF0 /* 1.deep or shadow copy */,
				20EC13FF1E54521D008E426A /* 2.copy相关 */,
				20EC140D1E54765E008E426A /* 3.weak主动置nil */,
				20EC141B1E55AEF2008E426A /* 4.block修改堆中的内容 */,
				20EC14261E55F0C3008E426A /* 5.runtime swizzle_method */,
				20AE0FA71E56B03900392F3C /* 6.custom_kvo */,
			);
			name = Products;
			sourceTree = "<group>";
		};
		20DDCCE71E5359A1002F0DF0 /* TANNY_OC_TEST */ = {
			isa = PBXGroup;
			children = (
				20DDCCE81E5359A2002F0DF0 /* main.m */,
			);
			path = TANNY_OC_TEST;
			sourceTree = "<group>";
		};
		20DDCCF41E535A2A002F0DF0 /* 1.deep or shadow copy */ = {
			isa = PBXGroup;
			children = (
				20DDCCF51E535A2A002F0DF0 /* main.m */,
			);
			path = "1.deep or shadow copy";
			sourceTree = "<group>";
		};
		20EC14001E54521D008E426A /* 2.copy相关 */ = {
			isa = PBXGroup;
			children = (
				20EC14061E5452CB008E426A /* User.h */,
				20EC14071E5452CB008E426A /* User.m */,
				20EC14011E54521D008E426A /* main.m */,
			);
			path = "2.copy相关";
			sourceTree = "<group>";
		};
		20EC140E1E54765E008E426A /* 3.weak主动置nil */ = {
			isa = PBXGroup;
			children = (
				20EC140F1E54765E008E426A /* main.m */,
				20EC14141E547B5C008E426A /* test3.h */,
				20EC14151E547B5C008E426A /* test3.m */,
			);
			path = "3.weak主动置nil";
			sourceTree = "<group>";
		};
		20EC141C1E55AEF2008E426A /* 4.block修改堆中的内容 */ = {
			isa = PBXGroup;
			children = (
				20EC141D1E55AEF2008E426A /* main.m */,
			);
			path = "4.block修改堆中的内容";
			sourceTree = "<group>";
		};
		20EC14271E55F0C3008E426A /* 5.runtime swizzle_method */ = {
			isa = PBXGroup;
			children = (
				20EC14281E55F0C3008E426A /* main.m */,
				20EC14301E55F185008E426A /* Test5.h */,
				20EC14311E55F185008E426A /* Test5.m */,
				20EC142D1E55F10D008E426A /* User5.h */,
				20EC142E1E55F10D008E426A /* User5.m */,
				20EC14341E55F225008E426A /* NSObject+Extension.m */,
			);
			path = "5.runtime swizzle_method";
			sourceTree = "<group>";
		};
/* End PBXGroup section */

/* Begin PBXNativeTarget section */
		20AE0FA61E56B03900392F3C /* 6.custom_kvo */ = {
			isa = PBXNativeTarget;
			buildConfigurationList = 20AE0FAB1E56B03900392F3C /* Build configuration list for PBXNativeTarget "6.custom_kvo" */;
			buildPhases = (
				20AE0FA31E56B03900392F3C /* Sources */,
				20AE0FA41E56B03900392F3C /* Frameworks */,
				20AE0FA51E56B03900392F3C /* CopyFiles */,
			);
			buildRules = (
			);
			dependencies = (
			);
			name = 6.custom_kvo;
			productName = 6.custom_kvo;
			productReference = 20AE0FA71E56B03900392F3C /* 6.custom_kvo */;
			productType = "com.apple.product-type.tool";
		};
		20DDCCE41E5359A1002F0DF0 /* TANNY_OC_TEST */ = {
			isa = PBXNativeTarget;
			buildConfigurationList = 20DDCCEC1E5359A2002F0DF0 /* Build configuration list for PBXNativeTarget "TANNY_OC_TEST" */;
			buildPhases = (
				20DDCCE11E5359A1002F0DF0 /* Sources */,
				20DDCCE21E5359A1002F0DF0 /* Frameworks */,
				20DDCCE31E5359A1002F0DF0 /* CopyFiles */,
			);
			buildRules = (
			);
			dependencies = (
			);
			name = TANNY_OC_TEST;
			productName = TANNY_OC_TEST;
			productReference = 20DDCCE51E5359A1002F0DF0 /* TANNY_OC_TEST */;
			productType = "com.apple.product-type.tool";
		};
		20DDCCF21E535A2A002F0DF0 /* 1.deep or shadow copy */ = {
			isa = PBXNativeTarget;
			buildConfigurationList = 20DDCCF71E535A2A002F0DF0 /* Build configuration list for PBXNativeTarget "1.deep or shadow copy" */;
			buildPhases = (
				20DDCCEF1E535A2A002F0DF0 /* Sources */,
				20DDCCF01E535A2A002F0DF0 /* Frameworks */,
				20DDCCF11E535A2A002F0DF0 /* CopyFiles */,
			);
			buildRules = (
			);
			dependencies = (
			);
			name = "1.deep or shadow copy";
			productName = "1.deep or shadow copy";
			productReference = 20DDCCF31E535A2A002F0DF0 /* 1.deep or shadow copy */;
			productType = "com.apple.product-type.tool";
		};
		20EC13FE1E54521D008E426A /* 2.copy相关 */ = {
			isa = PBXNativeTarget;
			buildConfigurationList = 20EC14051E54521D008E426A /* Build configuration list for PBXNativeTarget "2.copy相关" */;
			buildPhases = (
				20EC13FB1E54521D008E426A /* Sources */,
				20EC13FC1E54521D008E426A /* Frameworks */,
				20EC13FD1E54521D008E426A /* CopyFiles */,
			);
			buildRules = (
			);
			dependencies = (
			);
			name = "2.copy相关";
			productName = "2.copy相关";
			productReference = 20EC13FF1E54521D008E426A /* 2.copy相关 */;
			productType = "com.apple.product-type.tool";
		};
		20EC140C1E54765E008E426A /* 3.weak主动置nil */ = {
			isa = PBXNativeTarget;
			buildConfigurationList = 20EC14131E54765E008E426A /* Build configuration list for PBXNativeTarget "3.weak主动置nil" */;
			buildPhases = (
				20EC14091E54765E008E426A /* Sources */,
				20EC140A1E54765E008E426A /* Frameworks */,
				20EC140B1E54765E008E426A /* CopyFiles */,
			);
			buildRules = (
			);
			dependencies = (
			);
			name = "3.weak主动置nil";
			productName = "3.weak主动置nil";
			productReference = 20EC140D1E54765E008E426A /* 3.weak主动置nil */;
			productType = "com.apple.product-type.tool";
		};
		20EC141A1E55AEF2008E426A /* 4.block修改堆中的内容 */ = {
			isa = PBXNativeTarget;
			buildConfigurationList = 20EC141F1E55AEF2008E426A /* Build configuration list for PBXNativeTarget "4.block修改堆中的内容" */;
			buildPhases = (
				20EC14171E55AEF2008E426A /* Sources */,
				20EC14181E55AEF2008E426A /* Frameworks */,
				20EC14191E55AEF2008E426A /* CopyFiles */,
			);
			buildRules = (
			);
			dependencies = (
			);
			name = "4.block修改堆中的内容";
			productName = "4.block修改堆中的内容";
			productReference = 20EC141B1E55AEF2008E426A /* 4.block修改堆中的内容 */;
			productType = "com.apple.product-type.tool";
		};
		20EC14251E55F0C3008E426A /* 5.runtime swizzle_method */ = {
			isa = PBXNativeTarget;
			buildConfigurationList = 20EC142C1E55F0C3008E426A /* Build configuration list for PBXNativeTarget "5.runtime swizzle_method" */;
			buildPhases = (
				20EC14221E55F0C3008E426A /* Sources */,
				20EC14231E55F0C3008E426A /* Frameworks */,
				20EC14241E55F0C3008E426A /* CopyFiles */,
			);
			buildRules = (
			);
			dependencies = (
			);
			name = "5.runtime swizzle_method";
			productName = "5.runtime swizzle_method";
			productReference = 20EC14261E55F0C3008E426A /* 5.runtime swizzle_method */;
			productType = "com.apple.product-type.tool";
		};
/* End PBXNativeTarget section */

/* Begin PBXProject section */
		20DDCCDD1E5359A1002F0DF0 /* Project object */ = {
			isa = PBXProject;
			attributes = {
				LastUpgradeCheck = 0720;
				ORGANIZATIONNAME = "tanny wong";
				TargetAttributes = {
					20AE0FA61E56B03900392F3C = {
						CreatedOnToolsVersion = 8.0;
						ProvisioningStyle = Automatic;
					};
					20DDCCE41E5359A1002F0DF0 = {
						CreatedOnToolsVersion = 7.2.1;
					};
					20DDCCF21E535A2A002F0DF0 = {
						CreatedOnToolsVersion = 7.2.1;
					};
					20EC13FE1E54521D008E426A = {
						CreatedOnToolsVersion = 8.0;
						ProvisioningStyle = Automatic;
					};
					20EC140C1E54765E008E426A = {
						CreatedOnToolsVersion = 8.0;
						ProvisioningStyle = Automatic;
					};
					20EC141A1E55AEF2008E426A = {
						CreatedOnToolsVersion = 8.0;
						ProvisioningStyle = Automatic;
					};
					20EC14251E55F0C3008E426A = {
						CreatedOnToolsVersion = 8.0;
						ProvisioningStyle = Automatic;
					};
				};
			};
			buildConfigurationList = 20DDCCE01E5359A1002F0DF0 /* Build configuration list for PBXProject "TANNY_OC_TEST" */;
			compatibilityVersion = "Xcode 3.2";
			developmentRegion = English;
			hasScannedForEncodings = 0;
			knownRegions = (
				en,
			);
			mainGroup = 20DDCCDC1E5359A1002F0DF0;
			productRefGroup = 20DDCCE61E5359A1002F0DF0 /* Products */;
			projectDirPath = "";
			projectRoot = "";
			targets = (
				20DDCCE41E5359A1002F0DF0 /* TANNY_OC_TEST */,
				20DDCCF21E535A2A002F0DF0 /* 1.deep or shadow copy */,
				20EC13FE1E54521D008E426A /* 2.copy相关 */,
				20EC140C1E54765E008E426A /* 3.weak主动置nil */,
				20EC141A1E55AEF2008E426A /* 4.block修改堆中的内容 */,
				20EC14251E55F0C3008E426A /* 5.runtime swizzle_method */,
				20AE0FA61E56B03900392F3C /* 6.custom_kvo */,
			);
		};
/* End PBXProject section */

/* Begin PBXSourcesBuildPhase section */
		20AE0FA31E56B03900392F3C /* Sources */ = {
			isa = PBXSourcesBuildPhase;
			buildActionMask = 2147483647;
			files = (
				20AE0FB61E56B37C00392F3C /* Test6.m in Sources */,
				20AE0FB21E56B07A00392F3C /* NSObject+KVO.m in Sources */,
				20AE0FAA1E56B03900392F3C /* main.m in Sources */,
			);
			runOnlyForDeploymentPostprocessing = 0;
		};
		20DDCCE11E5359A1002F0DF0 /* Sources */ = {
			isa = PBXSourcesBuildPhase;
			buildActionMask = 2147483647;
			files = (
				20DDCCE91E5359A2002F0DF0 /* main.m in Sources */,
			);
			runOnlyForDeploymentPostprocessing = 0;
		};
		20DDCCEF1E535A2A002F0DF0 /* Sources */ = {
			isa = PBXSourcesBuildPhase;
			buildActionMask = 2147483647;
			files = (
				20DDCCF61E535A2A002F0DF0 /* main.m in Sources */,
			);
			runOnlyForDeploymentPostprocessing = 0;
		};
		20EC13FB1E54521D008E426A /* Sources */ = {
			isa = PBXSourcesBuildPhase;
			buildActionMask = 2147483647;
			files = (
				20EC14081E5452CB008E426A /* User.m in Sources */,
				20EC14021E54521D008E426A /* main.m in Sources */,
			);
			runOnlyForDeploymentPostprocessing = 0;
		};
		20EC14091E54765E008E426A /* Sources */ = {
			isa = PBXSourcesBuildPhase;
			buildActionMask = 2147483647;
			files = (
				20EC14101E54765E008E426A /* main.m in Sources */,
				20EC14161E547B5C008E426A /* test3.m in Sources */,
			);
			runOnlyForDeploymentPostprocessing = 0;
		};
		20EC14171E55AEF2008E426A /* Sources */ = {
			isa = PBXSourcesBuildPhase;
			buildActionMask = 2147483647;
			files = (
				20EC141E1E55AEF2008E426A /* main.m in Sources */,
			);
			runOnlyForDeploymentPostprocessing = 0;
		};
		20EC14221E55F0C3008E426A /* Sources */ = {
			isa = PBXSourcesBuildPhase;
			buildActionMask = 2147483647;
			files = (
				20EC14321E55F185008E426A /* Test5.m in Sources */,
				20EC142F1E55F10D008E426A /* User5.m in Sources */,
				20EC14291E55F0C3008E426A /* main.m in Sources */,
				20EC14351E55F225008E426A /* NSObject+Extension.m in Sources */,
			);
			runOnlyForDeploymentPostprocessing = 0;
		};
/* End PBXSourcesBuildPhase section */

/* Begin XCBuildConfiguration section */
		20AE0FAC1E56B03900392F3C /* Debug */ = {
			isa = XCBuildConfiguration;
			buildSettings = {
				CLANG_ANALYZER_NONNULL = YES;
				CLANG_WARN_DOCUMENTATION_COMMENTS = YES;
				CLANG_WARN_INFINITE_RECURSION = YES;
				CLANG_WARN_SUSPICIOUS_MOVES = YES;
				ENABLE_STRICT_OBJC_MSGSEND = NO;
				PRODUCT_NAME = "$(TARGET_NAME)";
			};
			name = Debug;
		};
		20AE0FAD1E56B03900392F3C /* Release */ = {
			isa = XCBuildConfiguration;
			buildSettings = {
				CLANG_ANALYZER_NONNULL = YES;
				CLANG_WARN_DOCUMENTATION_COMMENTS = YES;
				CLANG_WARN_INFINITE_RECURSION = YES;
				CLANG_WARN_SUSPICIOUS_MOVES = YES;
				ENABLE_STRICT_OBJC_MSGSEND = NO;
				PRODUCT_NAME = "$(TARGET_NAME)";
			};
			name = Release;
		};
		20DDCCEA1E5359A2002F0DF0 /* Debug */ = {
			isa = XCBuildConfiguration;
			buildSettings = {
				ALWAYS_SEARCH_USER_PATHS = NO;
				CLANG_CXX_LANGUAGE_STANDARD = "gnu++0x";
				CLANG_CXX_LIBRARY = "libc++";
				CLANG_ENABLE_MODULES = YES;
				CLANG_ENABLE_OBJC_ARC = YES;
				CLANG_WARN_BOOL_CONVERSION = YES;
				CLANG_WARN_CONSTANT_CONVERSION = YES;
				CLANG_WARN_DIRECT_OBJC_ISA_USAGE = YES_ERROR;
				CLANG_WARN_EMPTY_BODY = YES;
				CLANG_WARN_ENUM_CONVERSION = YES;
				CLANG_WARN_INT_CONVERSION = YES;
				CLANG_WARN_OBJC_ROOT_CLASS = YES_ERROR;
				CLANG_WARN_UNREACHABLE_CODE = YES;
				CLANG_WARN__DUPLICATE_METHOD_MATCH = YES;
				CODE_SIGN_IDENTITY = "-";
				COPY_PHASE_STRIP = NO;
				DEBUG_INFORMATION_FORMAT = dwarf;
				ENABLE_STRICT_OBJC_MSGSEND = YES;
				ENABLE_TESTABILITY = YES;
				GCC_C_LANGUAGE_STANDARD = gnu99;
				GCC_DYNAMIC_NO_PIC = NO;
				GCC_NO_COMMON_BLOCKS = YES;
				GCC_OPTIMIZATION_LEVEL = 0;
				GCC_PREPROCESSOR_DEFINITIONS = (
					"DEBUG=1",
					"$(inherited)",
				);
				GCC_WARN_64_TO_32_BIT_CONVERSION = YES;
				GCC_WARN_ABOUT_RETURN_TYPE = YES_ERROR;
				GCC_WARN_UNDECLARED_SELECTOR = YES;
				GCC_WARN_UNINITIALIZED_AUTOS = YES_AGGRESSIVE;
				GCC_WARN_UNUSED_FUNCTION = YES;
				GCC_WARN_UNUSED_VARIABLE = YES;
				MACOSX_DEPLOYMENT_TARGET = 10.12;
				MTL_ENABLE_DEBUG_INFO = YES;
				ONLY_ACTIVE_ARCH = YES;
				SDKROOT = macosx;
			};
			name = Debug;
		};
		20DDCCEB1E5359A2002F0DF0 /* Release */ = {
			isa = XCBuildConfiguration;
			buildSettings = {
				ALWAYS_SEARCH_USER_PATHS = NO;
				CLANG_CXX_LANGUAGE_STANDARD = "gnu++0x";
				CLANG_CXX_LIBRARY = "libc++";
				CLANG_ENABLE_MODULES = YES;
				CLANG_ENABLE_OBJC_ARC = YES;
				CLANG_WARN_BOOL_CONVERSION = YES;
				CLANG_WARN_CONSTANT_CONVERSION = YES;
				CLANG_WARN_DIRECT_OBJC_ISA_USAGE = YES_ERROR;
				CLANG_WARN_EMPTY_BODY = YES;
				CLANG_WARN_ENUM_CONVERSION = YES;
				CLANG_WARN_INT_CONVERSION = YES;
				CLANG_WARN_OBJC_ROOT_CLASS = YES_ERROR;
				CLANG_WARN_UNREACHABLE_CODE = YES;
				CLANG_WARN__DUPLICATE_METHOD_MATCH = YES;
				CODE_SIGN_IDENTITY = "-";
				COPY_PHASE_STRIP = NO;
				DEBUG_INFORMATION_FORMAT = "dwarf-with-dsym";
				ENABLE_NS_ASSERTIONS = NO;
				ENABLE_STRICT_OBJC_MSGSEND = YES;
				GCC_C_LANGUAGE_STANDARD = gnu99;
				GCC_NO_COMMON_BLOCKS = YES;
				GCC_WARN_64_TO_32_BIT_CONVERSION = YES;
				GCC_WARN_ABOUT_RETURN_TYPE = YES_ERROR;
				GCC_WARN_UNDECLARED_SELECTOR = YES;
				GCC_WARN_UNINITIALIZED_AUTOS = YES_AGGRESSIVE;
				GCC_WARN_UNUSED_FUNCTION = YES;
				GCC_WARN_UNUSED_VARIABLE = YES;
				MACOSX_DEPLOYMENT_TARGET = 10.12;
				MTL_ENABLE_DEBUG_INFO = NO;
				SDKROOT = macosx;
			};
			name = Release;
		};
		20DDCCED1E5359A2002F0DF0 /* Debug */ = {
			isa = XCBuildConfiguration;
			buildSettings = {
				PRODUCT_NAME = "$(TARGET_NAME)";
			};
			name = Debug;
		};
		20DDCCEE1E5359A2002F0DF0 /* Release */ = {
			isa = XCBuildConfiguration;
			buildSettings = {
				PRODUCT_NAME = "$(TARGET_NAME)";
			};
			name = Release;
		};
		20DDCCF81E535A2A002F0DF0 /* Debug */ = {
			isa = XCBuildConfiguration;
			buildSettings = {
				PRODUCT_NAME = "$(TARGET_NAME)";
			};
			name = Debug;
		};
		20DDCCF91E535A2A002F0DF0 /* Release */ = {
			isa = XCBuildConfiguration;
			buildSettings = {
				PRODUCT_NAME = "$(TARGET_NAME)";
			};
			name = Release;
		};
		20EC14031E54521D008E426A /* Debug */ = {
			isa = XCBuildConfiguration;
			buildSettings = {
				CLANG_ANALYZER_NONNULL = YES;
				CLANG_WARN_DOCUMENTATION_COMMENTS = YES;
				CLANG_WARN_INFINITE_RECURSION = YES;
				CLANG_WARN_SUSPICIOUS_MOVES = YES;
				PRODUCT_NAME = "$(TARGET_NAME)";
			};
			name = Debug;
		};
		20EC14041E54521D008E426A /* Release */ = {
			isa = XCBuildConfiguration;
			buildSettings = {
				CLANG_ANALYZER_NONNULL = YES;
				CLANG_WARN_DOCUMENTATION_COMMENTS = YES;
				CLANG_WARN_INFINITE_RECURSION = YES;
				CLANG_WARN_SUSPICIOUS_MOVES = YES;
				PRODUCT_NAME = "$(TARGET_NAME)";
			};
			name = Release;
		};
		20EC14111E54765E008E426A /* Debug */ = {
			isa = XCBuildConfiguration;
			buildSettings = {
				CLANG_ANALYZER_NONNULL = YES;
				CLANG_WARN_DOCUMENTATION_COMMENTS = YES;
				CLANG_WARN_INFINITE_RECURSION = YES;
				CLANG_WARN_SUSPICIOUS_MOVES = YES;
				PRODUCT_NAME = "$(TARGET_NAME)";
			};
			name = Debug;
		};
		20EC14121E54765E008E426A /* Release */ = {
			isa = XCBuildConfiguration;
			buildSettings = {
				CLANG_ANALYZER_NONNULL = YES;
				CLANG_WARN_DOCUMENTATION_COMMENTS = YES;
				CLANG_WARN_INFINITE_RECURSION = YES;
				CLANG_WARN_SUSPICIOUS_MOVES = YES;
				PRODUCT_NAME = "$(TARGET_NAME)";
			};
			name = Release;
		};
		20EC14201E55AEF2008E426A /* Debug */ = {
			isa = XCBuildConfiguration;
			buildSettings = {
				CLANG_ANALYZER_NONNULL = YES;
				CLANG_WARN_DOCUMENTATION_COMMENTS = YES;
				CLANG_WARN_INFINITE_RECURSION = YES;
				CLANG_WARN_SUSPICIOUS_MOVES = YES;
				PRODUCT_NAME = "$(TARGET_NAME)";
			};
			name = Debug;
		};
		20EC14211E55AEF2008E426A /* Release */ = {
			isa = XCBuildConfiguration;
			buildSettings = {
				CLANG_ANALYZER_NONNULL = YES;
				CLANG_WARN_DOCUMENTATION_COMMENTS = YES;
				CLANG_WARN_INFINITE_RECURSION = YES;
				CLANG_WARN_SUSPICIOUS_MOVES = YES;
				PRODUCT_NAME = "$(TARGET_NAME)";
			};
			name = Release;
		};
		20EC142A1E55F0C3008E426A /* Debug */ = {
			isa = XCBuildConfiguration;
			buildSettings = {
				CLANG_ANALYZER_NONNULL = YES;
				CLANG_WARN_DOCUMENTATION_COMMENTS = YES;
				CLANG_WARN_INFINITE_RECURSION = YES;
				CLANG_WARN_SUSPICIOUS_MOVES = YES;
				ENABLE_STRICT_OBJC_MSGSEND = NO;
				PRODUCT_NAME = "$(TARGET_NAME)";
			};
			name = Debug;
		};
		20EC142B1E55F0C3008E426A /* Release */ = {
			isa = XCBuildConfiguration;
			buildSettings = {
				CLANG_ANALYZER_NONNULL = YES;
				CLANG_WARN_DOCUMENTATION_COMMENTS = YES;
				CLANG_WARN_INFINITE_RECURSION = YES;
				CLANG_WARN_SUSPICIOUS_MOVES = YES;
				ENABLE_STRICT_OBJC_MSGSEND = NO;
				PRODUCT_NAME = "$(TARGET_NAME)";
			};
			name = Release;
		};
/* End XCBuildConfiguration section */

/* Begin XCConfigurationList section */
		20AE0FAB1E56B03900392F3C /* Build configuration list for PBXNativeTarget "6.custom_kvo" */ = {
			isa = XCConfigurationList;
			buildConfigurations = (
				20AE0FAC1E56B03900392F3C /* Debug */,
				20AE0FAD1E56B03900392F3C /* Release */,
			);
			defaultConfigurationIsVisible = 0;
			defaultConfigurationName = Release;
		};
		20DDCCE01E5359A1002F0DF0 /* Build configuration list for PBXProject "TANNY_OC_TEST" */ = {
			isa = XCConfigurationList;
			buildConfigurations = (
				20DDCCEA1E5359A2002F0DF0 /* Debug */,
				20DDCCEB1E5359A2002F0DF0 /* Release */,
			);
			defaultConfigurationIsVisible = 0;
			defaultConfigurationName = Release;
		};
		20DDCCEC1E5359A2002F0DF0 /* Build configuration list for PBXNativeTarget "TANNY_OC_TEST" */ = {
			isa = XCConfigurationList;
			buildConfigurations = (
				20DDCCED1E5359A2002F0DF0 /* Debug */,
				20DDCCEE1E5359A2002F0DF0 /* Release */,
			);
			defaultConfigurationIsVisible = 0;
			defaultConfigurationName = Release;
		};
		20DDCCF71E535A2A002F0DF0 /* Build configuration list for PBXNativeTarget "1.deep or shadow copy" */ = {
			isa = XCConfigurationList;
			buildConfigurations = (
				20DDCCF81E535A2A002F0DF0 /* Debug */,
				20DDCCF91E535A2A002F0DF0 /* Release */,
			);
			defaultConfigurationIsVisible = 0;
			defaultConfigurationName = Release;
		};
		20EC14051E54521D008E426A /* Build configuration list for PBXNativeTarget "2.copy相关" */ = {
			isa = XCConfigurationList;
			buildConfigurations = (
				20EC14031E54521D008E426A /* Debug */,
				20EC14041E54521D008E426A /* Release */,
			);
			defaultConfigurationIsVisible = 0;
			defaultConfigurationName = Release;
		};
		20EC14131E54765E008E426A /* Build configuration list for PBXNativeTarget "3.weak主动置nil" */ = {
			isa = XCConfigurationList;
			buildConfigurations = (
				20EC14111E54765E008E426A /* Debug */,
				20EC14121E54765E008E426A /* Release */,
			);
			defaultConfigurationIsVisible = 0;
			defaultConfigurationName = Release;
		};
		20EC141F1E55AEF2008E426A /* Build configuration list for PBXNativeTarget "4.block修改堆中的内容" */ = {
			isa = XCConfigurationList;
			buildConfigurations = (
				20EC14201E55AEF2008E426A /* Debug */,
				20EC14211E55AEF2008E426A /* Release */,
			);
			defaultConfigurationIsVisible = 0;
			defaultConfigurationName = Release;
		};
		20EC142C1E55F0C3008E426A /* Build configuration list for PBXNativeTarget "5.runtime swizzle_method" */ = {
			isa = XCConfigurationList;
			buildConfigurations = (
				20EC142A1E55F0C3008E426A /* Debug */,
				20EC142B1E55F0C3008E426A /* Release */,
			);
			defaultConfigurationIsVisible = 0;
			defaultConfigurationName = Release;
		};
/* End XCConfigurationList section */
	};
	rootObject = 20DDCCDD1E5359A1002F0DF0 /* Project object */;
}
